{
  "originHash" : "63f708c3b2c2a3c96a01b9353321533e894da71b9cac6f2375201e18b7b1ea6e",
  "pins" : [
    {
      "identity" : "package-mini-swift-server",
      "kind" : "remoteSourceControl",
      "location" : "https://github.com/crisfeim/package-mini-swift-server",
      "state" : {
        "branch" : "main",
        "revision" : "684bd47b20049986dbfa2a0f5a695478b804528e"
      }
    },
    {
      "identity" : "splash",
      "kind" : "remoteSourceControl",
      "location" : "https://github.com/JohnSundell/Splash",
      "state" : {
        "revision" : "7f4df436eb78fe64fe2c32c58006e9949fa28ad8",
        "version" : "0.16.0"
      }
    },
    {
      "identity" : "swift-argument-parser",
      "kind" : "remoteSourceControl",
      "location" : "https://github.com/apple/swift-argument-parser",
      "state" : {
        "revision" : "011f0c765fb46d9cac61bca19be0527e99c98c8b",
        "version" : "1.5.1"
      }
    }
  ],
  "version" : 3
}
